
Microsoft Visual Studio Solution File, Format Version 12.00
# Visual Studio Version 17
VisualStudioVersion = 17.11.35208.52
MinimumVisualStudioVersion = 10.0.40219.1
Project("{9A19103F-16F7-4668-BE54-9A1E7A4F7556}") = "ComplexAlgebra", "ComplexAlgebra\ComplexAlgebra.csproj", "{7FA6A737-8C79-4DEE-BEC8-14ADEEC1ED8C}"
EndProject
Project("{FAE04EC0-301F-11D3-BF4B-00C04F79EFBC}") = "ComplexAlgebraTests", "ComplexAlgebraTests\ComplexAlgebraTests.csproj", "{F640C39F-89A0-4D2D-B32B-181437C8F287}"
	ProjectSection(ProjectDependencies) = postProject
		{7FA6A737-8C79-4DEE-BEC8-14ADEEC1ED8C} = {7FA6A737-8C79-4DEE-BEC8-14ADEEC1ED8C}
	EndProjectSection
EndProject
Global
	GlobalSection(SolutionConfigurationPlatforms) = preSolution
		Debug|Any CPU = Debug|Any CPU
		Release|Any CPU = Release|Any CPU
	EndGlobalSection
	GlobalSection(ProjectConfigurationPlatforms) = postSolution
		{7FA6A737-8C79-4DEE-BEC8-14ADEEC1ED8C}.Debug|Any CPU.ActiveCfg = Debug|Any CPU
		{7FA6A737-8C79-4DEE-BEC8-14ADEEC1ED8C}.Debug|Any CPU.Build.0 = Debug|Any CPU
		{7FA6A737-8C79-4DEE-BEC8-14ADEEC1ED8C}.Release|Any CPU.ActiveCfg = Release|Any CPU
		{7FA6A737-8C79-4DEE-BEC8-14ADEEC1ED8C}.Release|Any CPU.Build.0 = Release|Any CPU
		{F640C39F-89A0-4D2D-B32B-181437C8F287}.Debug|Any CPU.ActiveCfg = Debug|Any CPU
		{F640C39F-89A0-4D2D-B32B-181437C8F287}.Debug|Any CPU.Build.0 = Debug|Any CPU
		{F640C39F-89A0-4D2D-B32B-181437C8F287}.Release|Any CPU.ActiveCfg = Release|Any CPU
		{F640C39F-89A0-4D2D-B32B-181437C8F287}.Release|Any CPU.Build.0 = Release|Any CPU
	EndGlobalSection
	GlobalSection(SolutionProperties) = preSolution
		HideSolutionNode = FALSE
	EndGlobalSection
	GlobalSection(ExtensibilityGlobals) = postSolution
		SolutionGuid = {EEE28F34-0019-439D-B939-169407F17603}
	EndGlobalSection
EndGlobal
